
Microsoft Visual Studio Solution File, Format Version 12.00
# Visual Studio 2012
Project("{FAE04EC0-301F-11D3-BF4B-00C04F79EFBC}") = "NewspaperAds", "NewspaperAds\NewspaperAds.csproj", "{31411997-507A-4226-9900-8E60EA2C9699}"
EndProject
Project("{FAE04EC0-301F-11D3-BF4B-00C04F79EFBC}") = "NewspaperAds.Tests", "NewspaperAds.Tests\NewspaperAds.Tests.csproj", "{8FF76861-9AE3-4027-9A1A-FF95ED7E805D}"
EndProject
Global
	GlobalSection(SolutionConfigurationPlatforms) = preSolution
		Debug|Any CPU = Debug|Any CPU
		Release|Any CPU = Release|Any CPU
	EndGlobalSection
	GlobalSection(ProjectConfigurationPlatforms) = postSolution
		{31411997-507A-4226-9900-8E60EA2C9699}.Debug|Any CPU.ActiveCfg = Debug|Any CPU
		{31411997-507A-4226-9900-8E60EA2C9699}.Debug|Any CPU.Build.0 = Debug|Any CPU
		{31411997-507A-4226-9900-8E60EA2C9699}.Release|Any CPU.ActiveCfg = Release|Any CPU
		{31411997-507A-4226-9900-8E60EA2C9699}.Release|Any CPU.Build.0 = Release|Any CPU
		{8FF76861-9AE3-4027-9A1A-FF95ED7E805D}.Debug|Any CPU.ActiveCfg = Debug|Any CPU
		{8FF76861-9AE3-4027-9A1A-FF95ED7E805D}.Debug|Any CPU.Build.0 = Debug|Any CPU
		{8FF76861-9AE3-4027-9A1A-FF95ED7E805D}.Release|Any CPU.ActiveCfg = Release|Any CPU
		{8FF76861-9AE3-4027-9A1A-FF95ED7E805D}.Release|Any CPU.Build.0 = Release|Any CPU
	EndGlobalSection
	GlobalSection(SolutionProperties) = preSolution
		HideSolutionNode = FALSE
	EndGlobalSection
EndGlobal
